PODS:
  - PocketNotifications (0.0.4)

DEPENDENCIES:
  - PocketNotifications (from `../`)

EXTERNAL SOURCES:
  PocketNotifications:
    :path: "../"

SPEC CHECKSUMS:
  PocketNotifications: d286d0b67045556f633fa16356ff412503875677

PODFILE CHECKSUM: 7b74595a96486509b4ec2f2c14e507c278a365b0

COCOAPODS: 1.9.3
