PODS:
  - PocketNotifications (0.0.6)

DEPENDENCIES:
  - PocketNotifications (from `../`)

EXTERNAL SOURCES:
  PocketNotifications:
    :path: "../"

SPEC CHECKSUMS:
  PocketNotifications: 9c47b68761800c0efa616dbb97ba4bbd6f2a614c

PODFILE CHECKSUM: 7b74595a96486509b4ec2f2c14e507c278a365b0

COCOAPODS: 1.11.3
